# THIS IS AN AUTOGENERATED FILE. DO NOT EDIT THIS FILE DIRECTLY.
# yarn lockfile v1


"@adbayb/ts-config@0.5.0":
  version "0.5.0"
  resolved "https://registry.yarnpkg.com/@adbayb/ts-config/-/ts-config-0.5.0.tgz#20f0c8ee2048986805f0dcf04fb1884413731aca"
  integrity sha512-fqlUv+6E2sUgQna5JNfPMr0wu8eJr94DH3v94arUB/WF6HBkIvsULOaoyBt1GS2kZaoBJPphOuNzzCknTslwvA==
  dependencies:
    typescript "4.2.3"

"@types/node@14.14.37":
  version "14.14.37"
  resolved "https://registry.yarnpkg.com/@types/node/-/node-14.14.37.tgz#a3dd8da4eb84a996c36e331df98d82abd76b516e"
  integrity sha512-XYmBiy+ohOR4Lh5jE379fV2IU+6Jn4g5qASinhitfyO71b/sCo6MKsMLF5tc7Zf2CE8hViVQyYSobJNke8OvUw==

typescript@4.2.3:
  version "4.2.3"
  resolved "https://registry.yarnpkg.com/typescript/-/typescript-4.2.3.tgz#39062d8019912d43726298f09493d598048c1ce3"
  integrity sha512-qOcYwxaByStAWrBf4x0fibwZvMRG+r4cQoTjbPtUlrWjBHbmCAww1i448U0GJ+3cNNEtebDteo/cHOR3xJ4wEw==
