lockfileVersion: '6.0'

devDependencies:
  preact:
    specifier: 10.13.2
    version: 10.13.2
  quickbundle:
    specifier: link:../../
    version: link:../..
  typescript:
    specifier: 5.0.3
    version: 5.0.3

packages:

  /preact@10.13.2:
    resolution: {integrity: sha512-q44QFLhOhty2Bd0Y46fnYW0gD/cbVM9dUVtNTDKPcdXSMA7jfY+Jpd6rk3GB0lcQss0z5s/6CmVP0Z/hV+g6pw==}
    dev: true

  /typescript@5.0.3:
    resolution: {integrity: sha512-xv8mOEDnigb/tN9PSMTwSEqAnUvkoXMQlicOb0IUVDBSQCgBSaAAROUZYy2IcUy5qU6XajK5jjjO7TMWqBTKZA==}
    engines: {node: '>=12.20'}
    hasBin: true
    dev: true
