lockfileVersion: 5.3

specifiers:
    "@types/react": 17.0.43
    "@types/react-dom": 17.0.14
    quickbundle: link:../../
    react: 17.0.2
    react-dom: 17.0.2
    typescript: 4.6.3

dependencies:
    quickbundle: link:../..
    react: 17.0.2
    react-dom: 17.0.2_react@17.0.2

devDependencies:
    "@types/react": 17.0.43
    "@types/react-dom": 17.0.14
    typescript: 4.6.3

packages:
    /@types/prop-types/15.7.4:
        resolution:
            {
                integrity: sha512-rZ5drC/jWjrArrS8BR6SIr4cWpW09RNTYt9AMZo3Jwwif+iacXAqgVjm0B0Bv/S1jhDXKHqRVNCbACkJ89RAnQ==,
            }
        dev: true

    /@types/react-dom/17.0.14:
        resolution:
            {
                integrity: sha512-H03xwEP1oXmSfl3iobtmQ/2dHF5aBHr8aUMwyGZya6OW45G+xtdzmq6HkncefiBt5JU8DVyaWl/nWZbjZCnzAQ==,
            }
        dependencies:
            "@types/react": 17.0.43
        dev: true

    /@types/react/17.0.43:
        resolution:
            {
                integrity: sha512-8Q+LNpdxf057brvPu1lMtC5Vn7J119xrP1aq4qiaefNioQUYANF/CYeK4NsKorSZyUGJ66g0IM+4bbjwx45o2A==,
            }
        dependencies:
            "@types/prop-types": 15.7.4
            "@types/scheduler": 0.16.2
            csstype: 3.0.11
        dev: true

    /@types/scheduler/0.16.2:
        resolution:
            {
                integrity: sha512-hppQEBDmlwhFAXKJX2KnWLYu5yMfi91yazPb2l+lbJiwW+wdo1gNeRA+3RgNSO39WYX2euey41KEwnqesU2Jew==,
            }
        dev: true

    /csstype/3.0.11:
        resolution:
            {
                integrity: sha512-sa6P2wJ+CAbgyy4KFssIb/JNMLxFvKF1pCYCSXS8ZMuqZnMsrxqI2E5sPyoTpxoPU/gVZMzr2zjOfg8GIZOMsw==,
            }
        dev: true

    /js-tokens/4.0.0:
        resolution:
            {
                integrity: sha512-RdJUflcE3cUzKiMqQgsCu06FPu9UdIJO0beYbPhHN4k6apgJtifcoCtT9bcxOpYBtpD2kCM6Sbzg4CausW/PKQ==,
            }
        dev: false

    /loose-envify/1.4.0:
        resolution:
            {
                integrity: sha512-lyuxPGr/Wfhrlem2CL/UcnUc1zcqKAImBDzukY7Y5F/yQiNdko6+fRLevlw1HgMySw7f611UIY408EtxRSoK3Q==,
            }
        hasBin: true
        dependencies:
            js-tokens: 4.0.0
        dev: false

    /object-assign/4.1.1:
        resolution: { integrity: sha1-IQmtx5ZYh8/AXLvUQsrIv7s2CGM= }
        engines: { node: ">=0.10.0" }
        dev: false

    /react-dom/17.0.2_react@17.0.2:
        resolution:
            {
                integrity: sha512-s4h96KtLDUQlsENhMn1ar8t2bEa+q/YAtj8pPPdIjPDGBDIVNsrD9aXNWqspUe6AzKCIG0C1HZZLqLV7qpOBGA==,
            }
        peerDependencies:
            react: 17.0.2
        dependencies:
            loose-envify: 1.4.0
            object-assign: 4.1.1
            react: 17.0.2
            scheduler: 0.20.2
        dev: false

    /react/17.0.2:
        resolution:
            {
                integrity: sha512-gnhPt75i/dq/z3/6q/0asP78D0u592D5L1pd7M8P+dck6Fu/jJeL6iVVK23fptSUZj8Vjf++7wXA8UNclGQcbA==,
            }
        engines: { node: ">=0.10.0" }
        dependencies:
            loose-envify: 1.4.0
            object-assign: 4.1.1
        dev: false

    /scheduler/0.20.2:
        resolution:
            {
                integrity: sha512-2eWfGgAqqWFGqtdMmcL5zCMK1U8KlXv8SQFGglL3CEtd0aDVDWgeF/YoCmvln55m5zSk3J/20hTaSBeSObsQDQ==,
            }
        dependencies:
            loose-envify: 1.4.0
            object-assign: 4.1.1
        dev: false

    /typescript/4.6.3:
        resolution:
            {
                integrity: sha512-yNIatDa5iaofVozS/uQJEl3JRWLKKGJKh6Yaiv0GLGSuhpFJe7P3SbHZ8/yjAHRQwKRoA6YZqlfjXWmVzoVSMw==,
            }
        engines: { node: ">=4.2.0" }
        hasBin: true
        dev: true
